
Microsoft Visual Studio Solution File, Format Version 12.00
# Visual Studio 14
VisualStudioVersion = 14.0.23107.0
MinimumVisualStudioVersion = 10.0.40219.1
Project("{FAE04EC0-301F-11D3-BF4B-00C04F79EFBC}") = "QuickSite", "QuickSite\QuickSite.csproj", "{8105150C-FA58-4386-B0F3-F8ED9383C0D9}"
EndProject
Project("{54435603-DBB4-11D2-8724-00A0C9A8B90C}") = "QuickSite.Installer", "QuickSite.Installer\QuickSite.Installer.vdproj", "{3F592A86-ADF6-4023-AF5F-DD9837D8E057}"
EndProject
Global
	GlobalSection(SolutionConfigurationPlatforms) = preSolution
		CD_ROM|Any CPU = CD_ROM|Any CPU
		Debug|Any CPU = Debug|Any CPU
		DVD-5|Any CPU = DVD-5|Any CPU
		Release|Any CPU = Release|Any CPU
		SingleImage|Any CPU = SingleImage|Any CPU
	EndGlobalSection
	GlobalSection(ProjectConfigurationPlatforms) = postSolution
		{8105150C-FA58-4386-B0F3-F8ED9383C0D9}.CD_ROM|Any CPU.ActiveCfg = Release|Any CPU
		{8105150C-FA58-4386-B0F3-F8ED9383C0D9}.CD_ROM|Any CPU.Build.0 = Release|Any CPU
		{8105150C-FA58-4386-B0F3-F8ED9383C0D9}.Debug|Any CPU.ActiveCfg = Debug|Any CPU
		{8105150C-FA58-4386-B0F3-F8ED9383C0D9}.Debug|Any CPU.Build.0 = Debug|Any CPU
		{8105150C-FA58-4386-B0F3-F8ED9383C0D9}.DVD-5|Any CPU.ActiveCfg = Debug|Any CPU
		{8105150C-FA58-4386-B0F3-F8ED9383C0D9}.DVD-5|Any CPU.Build.0 = Debug|Any CPU
		{8105150C-FA58-4386-B0F3-F8ED9383C0D9}.Release|Any CPU.ActiveCfg = Release|Any CPU
		{8105150C-FA58-4386-B0F3-F8ED9383C0D9}.Release|Any CPU.Build.0 = Release|Any CPU
		{8105150C-FA58-4386-B0F3-F8ED9383C0D9}.SingleImage|Any CPU.ActiveCfg = Release|Any CPU
		{8105150C-FA58-4386-B0F3-F8ED9383C0D9}.SingleImage|Any CPU.Build.0 = Release|Any CPU
		{3F592A86-ADF6-4023-AF5F-DD9837D8E057}.CD_ROM|Any CPU.ActiveCfg = Release
		{3F592A86-ADF6-4023-AF5F-DD9837D8E057}.CD_ROM|Any CPU.Build.0 = Release
		{3F592A86-ADF6-4023-AF5F-DD9837D8E057}.Debug|Any CPU.ActiveCfg = Debug
		{3F592A86-ADF6-4023-AF5F-DD9837D8E057}.Debug|Any CPU.Build.0 = Debug
		{3F592A86-ADF6-4023-AF5F-DD9837D8E057}.DVD-5|Any CPU.ActiveCfg = Debug
		{3F592A86-ADF6-4023-AF5F-DD9837D8E057}.DVD-5|Any CPU.Build.0 = Debug
		{3F592A86-ADF6-4023-AF5F-DD9837D8E057}.Release|Any CPU.ActiveCfg = Release
		{3F592A86-ADF6-4023-AF5F-DD9837D8E057}.Release|Any CPU.Build.0 = Release
		{3F592A86-ADF6-4023-AF5F-DD9837D8E057}.SingleImage|Any CPU.ActiveCfg = Release
		{3F592A86-ADF6-4023-AF5F-DD9837D8E057}.SingleImage|Any CPU.Build.0 = Release
	EndGlobalSection
	GlobalSection(SolutionProperties) = preSolution
		HideSolutionNode = FALSE
	EndGlobalSection
EndGlobal
